// !$*UTF8*$!
{
	archiveVersion = 1;
	classes = {
	};
	objectVersion = 46;
	objects = {

/* Begin PBXBuildFile section */
		0E0401411AD59B7A0021E68F /* FIOTestsJSONParsing.swift in Sources */ = {isa = PBXBuildFile; fileRef = 0E0401401AD59B7A0021E68F /* FIOTestsJSONParsing.swift */; };
		0E072F5B1AC083C5005653B1 /* Network.swift in Sources */ = {isa = PBXBuildFile; fileRef = 0E072F5A1AC083C5005653B1 /* Network.swift */; };
		0E07FE7A1ACEED1E00F938F4 /* NetworkResultObject.swift in Sources */ = {isa = PBXBuildFile; fileRef = 0E07FE791ACEED1E00F938F4 /* NetworkResultObject.swift */; };
		0E1716D11ABC73D800AF0E40 /* HTTPMethod.swift in Sources */ = {isa = PBXBuildFile; fileRef = 0E1716D01ABC73D800AF0E40 /* HTTPMethod.swift */; };
		0E1716D31ABC73F500AF0E40 /* NetworkTaskResponse.swift in Sources */ = {isa = PBXBuildFile; fileRef = 0E1716D21ABC73F500AF0E40 /* NetworkTaskResponse.swift */; };
		0E380B7D1ADAD27F00F87154 /* FIOTestHTTPMethodInRequest.swift in Sources */ = {isa = PBXBuildFile; fileRef = 0E380B7C1ADAD27F00F87154 /* FIOTestHTTPMethodInRequest.swift */; };
		0E60E1821AD828160041B3D7 /* NetworkObjectAuto.swift in Sources */ = {isa = PBXBuildFile; fileRef = 0E60E1811AD828160041B3D7 /* NetworkObjectAuto.swift */; };
		0E60E1841AD828E10041B3D7 /* Contact.swift in Sources */ = {isa = PBXBuildFile; fileRef = 0E60E1831AD828E10041B3D7 /* Contact.swift */; };
		0E60E1861AD829920041B3D7 /* FIOTestObjectAutoComplete.swift in Sources */ = {isa = PBXBuildFile; fileRef = 0E60E1851AD829920041B3D7 /* FIOTestObjectAutoComplete.swift */; };
		0E60E18A1AD9A1FA0041B3D7 /* Adresse.swift in Sources */ = {isa = PBXBuildFile; fileRef = 0E60E1891AD9A1FA0041B3D7 /* Adresse.swift */; };
		0E65812F1AC977E5000C5FD3 /* FillioTestCallMethodClientTask.swift in Sources */ = {isa = PBXBuildFile; fileRef = 0E65812E1AC977E5000C5FD3 /* FillioTestCallMethodClientTask.swift */; };
		0E6581311AC97815000C5FD3 /* FillioTestSettingClient.swift in Sources */ = {isa = PBXBuildFile; fileRef = 0E6581301AC97815000C5FD3 /* FillioTestSettingClient.swift */; };
		0E6581331AC9A423000C5FD3 /* FIOTestGetDataCustomClient.swift in Sources */ = {isa = PBXBuildFile; fileRef = 0E6581321AC9A423000C5FD3 /* FIOTestGetDataCustomClient.swift */; };
		0E6581351ACB126A000C5FD3 /* FillioTestNetworkBlock.swift in Sources */ = {isa = PBXBuildFile; fileRef = 0E6581341ACB126A000C5FD3 /* FillioTestNetworkBlock.swift */; };
		0E679A801AC2EBE8007A1E77 /* NetworkClientConfiguration.swift in Sources */ = {isa = PBXBuildFile; fileRef = 0E679A7F1AC2EBE8007A1E77 /* NetworkClientConfiguration.swift */; };
		0E679A821AC339CC007A1E77 /* NetworkTask.swift in Sources */ = {isa = PBXBuildFile; fileRef = 0E679A811AC339CC007A1E77 /* NetworkTask.swift */; };
		0E7D68081AAE11B800BDB176 /* User.swift in Sources */ = {isa = PBXBuildFile; fileRef = 0E7D68071AAE11B800BDB176 /* User.swift */; };
		0E7D680B1AAE11C800BDB176 /* Sendable.swift in Sources */ = {isa = PBXBuildFile; fileRef = 0E7D68091AAE11C800BDB176 /* Sendable.swift */; };
		0E7D680C1AAE11C800BDB176 /* Object.swift in Sources */ = {isa = PBXBuildFile; fileRef = 0E7D680A1AAE11C800BDB176 /* Object.swift */; };
		0E7D680F1AAE124300BDB176 /* NetworkClient.swift in Sources */ = {isa = PBXBuildFile; fileRef = 0E7D680D1AAE124300BDB176 /* NetworkClient.swift */; };
		0E7D68151AAE404900BDB176 /* Action.swift in Sources */ = {isa = PBXBuildFile; fileRef = 0E7D68141AAE404900BDB176 /* Action.swift */; };
		0E978ED21ACEB1DF00001673 /* FIOCron.swift in Sources */ = {isa = PBXBuildFile; fileRef = 0E978ED11ACEB1DF00001673 /* FIOCron.swift */; };
		0E978ED41ACEB24700001673 /* FIOCronManager.swift in Sources */ = {isa = PBXBuildFile; fileRef = 0E978ED31ACEB24700001673 /* FIOCronManager.swift */; };
		0E978ED61ACEB25A00001673 /* FIOCronJob.swift in Sources */ = {isa = PBXBuildFile; fileRef = 0E978ED51ACEB25A00001673 /* FIOCronJob.swift */; };
		0E978ED81ACEDDB200001673 /* FIOCronTab.swift in Sources */ = {isa = PBXBuildFile; fileRef = 0E978ED71ACEDDB200001673 /* FIOCronTab.swift */; };
		0EAED9281AC2958B0090ECB7 /* NetworkTaskManager.swift in Sources */ = {isa = PBXBuildFile; fileRef = 0EAED9271AC2958B0090ECB7 /* NetworkTaskManager.swift */; };
		0EBE8DFC1AADB6FA00148C8B /* FIO.h in Headers */ = {isa = PBXBuildFile; fileRef = 0EBE8DFB1AADB6FA00148C8B /* FIO.h */; settings = {ATTRIBUTES = (Public, ); }; };
		0EBE8E021AADB6FA00148C8B /* Fillio.framework in Frameworks */ = {isa = PBXBuildFile; fileRef = 0EBE8DF61AADB6FA00148C8B /* Fillio.framework */; };
		0EBE8E091AADB6FA00148C8B /* FillioTests.swift in Sources */ = {isa = PBXBuildFile; fileRef = 0EBE8E081AADB6FA00148C8B /* FillioTests.swift */; };
/* End PBXBuildFile section */

/* Begin PBXContainerItemProxy section */
		0EBE8E031AADB6FA00148C8B /* PBXContainerItemProxy */ = {
			isa = PBXContainerItemProxy;
			containerPortal = 0EBE8DED1AADB6FA00148C8B /* Project object */;
			proxyType = 1;
			remoteGlobalIDString = 0EBE8DF51AADB6FA00148C8B;
			remoteInfo = Fillio;
		};
/* End PBXContainerItemProxy section */

/* Begin PBXFileReference section */
		0E0401401AD59B7A0021E68F /* FIOTestsJSONParsing.swift */ = {isa = PBXFileReference; fileEncoding = 4; lastKnownFileType = sourcecode.swift; path = FIOTestsJSONParsing.swift; sourceTree = "<group>"; };
		0E072F5A1AC083C5005653B1 /* Network.swift */ = {isa = PBXFileReference; fileEncoding = 4; lastKnownFileType = sourcecode.swift; name = Network.swift; path = network/Network.swift; sourceTree = "<group>"; };
		0E07FE791ACEED1E00F938F4 /* NetworkResultObject.swift */ = {isa = PBXFileReference; fileEncoding = 4; lastKnownFileType = sourcecode.swift; name = NetworkResultObject.swift; path = network/NetworkResultObject.swift; sourceTree = "<group>"; };
		0E1716D01ABC73D800AF0E40 /* HTTPMethod.swift */ = {isa = PBXFileReference; fileEncoding = 4; lastKnownFileType = sourcecode.swift; name = HTTPMethod.swift; path = network/HTTPMethod.swift; sourceTree = "<group>"; };
		0E1716D21ABC73F500AF0E40 /* NetworkTaskResponse.swift */ = {isa = PBXFileReference; fileEncoding = 4; lastKnownFileType = sourcecode.swift; name = NetworkTaskResponse.swift; path = network/NetworkTaskResponse.swift; sourceTree = "<group>"; };
		0E380B7C1ADAD27F00F87154 /* FIOTestHTTPMethodInRequest.swift */ = {isa = PBXFileReference; fileEncoding = 4; lastKnownFileType = sourcecode.swift; path = FIOTestHTTPMethodInRequest.swift; sourceTree = "<group>"; };
		0E60E1811AD828160041B3D7 /* NetworkObjectAuto.swift */ = {isa = PBXFileReference; fileEncoding = 4; lastKnownFileType = sourcecode.swift; name = NetworkObjectAuto.swift; path = network/NetworkObjectAuto.swift; sourceTree = "<group>"; };
		0E60E1831AD828E10041B3D7 /* Contact.swift */ = {isa = PBXFileReference; fileEncoding = 4; lastKnownFileType = sourcecode.swift; path = Contact.swift; sourceTree = "<group>"; };
		0E60E1851AD829920041B3D7 /* FIOTestObjectAutoComplete.swift */ = {isa = PBXFileReference; fileEncoding = 4; lastKnownFileType = sourcecode.swift; path = FIOTestObjectAutoComplete.swift; sourceTree = "<group>"; };
		0E60E1891AD9A1FA0041B3D7 /* Adresse.swift */ = {isa = PBXFileReference; fileEncoding = 4; lastKnownFileType = sourcecode.swift; path = Adresse.swift; sourceTree = "<group>"; };
		0E65812E1AC977E5000C5FD3 /* FillioTestCallMethodClientTask.swift */ = {isa = PBXFileReference; fileEncoding = 4; lastKnownFileType = sourcecode.swift; path = FillioTestCallMethodClientTask.swift; sourceTree = "<group>"; };
		0E6581301AC97815000C5FD3 /* FillioTestSettingClient.swift */ = {isa = PBXFileReference; fileEncoding = 4; lastKnownFileType = sourcecode.swift; path = FillioTestSettingClient.swift; sourceTree = "<group>"; };
		0E6581321AC9A423000C5FD3 /* FIOTestGetDataCustomClient.swift */ = {isa = PBXFileReference; fileEncoding = 4; lastKnownFileType = sourcecode.swift; path = FIOTestGetDataCustomClient.swift; sourceTree = "<group>"; };
		0E6581341ACB126A000C5FD3 /* FillioTestNetworkBlock.swift */ = {isa = PBXFileReference; fileEncoding = 4; lastKnownFileType = sourcecode.swift; path = FillioTestNetworkBlock.swift; sourceTree = "<group>"; };
		0E679A7F1AC2EBE8007A1E77 /* NetworkClientConfiguration.swift */ = {isa = PBXFileReference; fileEncoding = 4; lastKnownFileType = sourcecode.swift; name = NetworkClientConfiguration.swift; path = network/NetworkClientConfiguration.swift; sourceTree = "<group>"; };
		0E679A811AC339CC007A1E77 /* NetworkTask.swift */ = {isa = PBXFileReference; fileEncoding = 4; lastKnownFileType = sourcecode.swift; name = NetworkTask.swift; path = network/NetworkTask.swift; sourceTree = "<group>"; };
		0E7D68071AAE11B800BDB176 /* User.swift */ = {isa = PBXFileReference; fileEncoding = 4; lastKnownFileType = sourcecode.swift; name = User.swift; path = auth/User.swift; sourceTree = "<group>"; };
		0E7D68091AAE11C800BDB176 /* Sendable.swift */ = {isa = PBXFileReference; fileEncoding = 4; lastKnownFileType = sourcecode.swift; name = Sendable.swift; path = api/Sendable.swift; sourceTree = "<group>"; };
		0E7D680A1AAE11C800BDB176 /* Object.swift */ = {isa = PBXFileReference; fileEncoding = 4; lastKnownFileType = sourcecode.swift; name = Object.swift; path = api/Object.swift; sourceTree = "<group>"; };
		0E7D680D1AAE124300BDB176 /* NetworkClient.swift */ = {isa = PBXFileReference; fileEncoding = 4; lastKnownFileType = sourcecode.swift; name = NetworkClient.swift; path = network/NetworkClient.swift; sourceTree = "<group>"; };
		0E7D68141AAE404900BDB176 /* Action.swift */ = {isa = PBXFileReference; fileEncoding = 4; lastKnownFileType = sourcecode.swift; name = Action.swift; path = api/Action.swift; sourceTree = "<group>"; };
		0E978ED11ACEB1DF00001673 /* FIOCron.swift */ = {isa = PBXFileReference; fileEncoding = 4; lastKnownFileType = sourcecode.swift; name = FIOCron.swift; path = cron/FIOCron.swift; sourceTree = "<group>"; };
		0E978ED31ACEB24700001673 /* FIOCronManager.swift */ = {isa = PBXFileReference; fileEncoding = 4; lastKnownFileType = sourcecode.swift; name = FIOCronManager.swift; path = cron/FIOCronManager.swift; sourceTree = "<group>"; };
		0E978ED51ACEB25A00001673 /* FIOCronJob.swift */ = {isa = PBXFileReference; fileEncoding = 4; lastKnownFileType = sourcecode.swift; name = FIOCronJob.swift; path = cron/FIOCronJob.swift; sourceTree = "<group>"; };
		0E978ED71ACEDDB200001673 /* FIOCronTab.swift */ = {isa = PBXFileReference; fileEncoding = 4; lastKnownFileType = sourcecode.swift; name = FIOCronTab.swift; path = cron/FIOCronTab.swift; sourceTree = "<group>"; };
		0EAED9271AC2958B0090ECB7 /* NetworkTaskManager.swift */ = {isa = PBXFileReference; fileEncoding = 4; lastKnownFileType = sourcecode.swift; name = NetworkTaskManager.swift; path = network/NetworkTaskManager.swift; sourceTree = "<group>"; };
		0EBE8DF61AADB6FA00148C8B /* Fillio.framework */ = {isa = PBXFileReference; explicitFileType = wrapper.framework; includeInIndex = 0; path = Fillio.framework; sourceTree = BUILT_PRODUCTS_DIR; };
		0EBE8DFA1AADB6FA00148C8B /* Info.plist */ = {isa = PBXFileReference; lastKnownFileType = text.plist.xml; path = Info.plist; sourceTree = "<group>"; };
		0EBE8DFB1AADB6FA00148C8B /* FIO.h */ = {isa = PBXFileReference; lastKnownFileType = sourcecode.c.h; path = FIO.h; sourceTree = "<group>"; };
		0EBE8E011AADB6FA00148C8B /* FillioTests.xctest */ = {isa = PBXFileReference; explicitFileType = wrapper.cfbundle; includeInIndex = 0; path = FillioTests.xctest; sourceTree = BUILT_PRODUCTS_DIR; };
		0EBE8E071AADB6FA00148C8B /* Info.plist */ = {isa = PBXFileReference; lastKnownFileType = text.plist.xml; path = Info.plist; sourceTree = "<group>"; };
		0EBE8E081AADB6FA00148C8B /* FillioTests.swift */ = {isa = PBXFileReference; lastKnownFileType = sourcecode.swift; path = FillioTests.swift; sourceTree = "<group>"; };
/* End PBXFileReference section */

/* Begin PBXFrameworksBuildPhase section */
		0EBE8DF21AADB6FA00148C8B /* Frameworks */ = {
			isa = PBXFrameworksBuildPhase;
			buildActionMask = 2147483647;
			files = (
			);
			runOnlyForDeploymentPostprocessing = 0;
		};
		0EBE8DFE1AADB6FA00148C8B /* Frameworks */ = {
			isa = PBXFrameworksBuildPhase;
			buildActionMask = 2147483647;
			files = (
				0EBE8E021AADB6FA00148C8B /* Fillio.framework in Frameworks */,
			);
			runOnlyForDeploymentPostprocessing = 0;
		};
/* End PBXFrameworksBuildPhase section */

/* Begin PBXGroup section */
		0E60E1871AD834E20041B3D7 /* models */ = {
			isa = PBXGroup;
			children = (
				0E60E1831AD828E10041B3D7 /* Contact.swift */,
				0E60E1891AD9A1FA0041B3D7 /* Adresse.swift */,
			);
			name = models;
			sourceTree = "<group>";
		};
		0E60E1881AD834FC0041B3D7 /* JSON */ = {
			isa = PBXGroup;
			children = (
				0E60E1871AD834E20041B3D7 /* models */,
				0E0401401AD59B7A0021E68F /* FIOTestsJSONParsing.swift */,
				0E60E1851AD829920041B3D7 /* FIOTestObjectAutoComplete.swift */,
			);
			name = JSON;
			sourceTree = "<group>";
		};
		0E978ED01ACEB1B200001673 /* cron */ = {
			isa = PBXGroup;
			children = (
				0E978ED11ACEB1DF00001673 /* FIOCron.swift */,
				0E978ED31ACEB24700001673 /* FIOCronManager.swift */,
				0E978ED51ACEB25A00001673 /* FIOCronJob.swift */,
				0E978ED71ACEDDB200001673 /* FIOCronTab.swift */,
			);
			name = cron;
			sourceTree = "<group>";
		};
		0EBE8DEC1AADB6FA00148C8B = {
			isa = PBXGroup;
			children = (
				0EBE8DF81AADB6FA00148C8B /* Fillio */,
				0EBE8E051AADB6FA00148C8B /* FillioTests */,
				0EBE8DF71AADB6FA00148C8B /* Products */,
			);
			sourceTree = "<group>";
		};
		0EBE8DF71AADB6FA00148C8B /* Products */ = {
			isa = PBXGroup;
			children = (
				0EBE8DF61AADB6FA00148C8B /* Fillio.framework */,
				0EBE8E011AADB6FA00148C8B /* FillioTests.xctest */,
			);
			name = Products;
			sourceTree = "<group>";
		};
		0EBE8DF81AADB6FA00148C8B /* Fillio */ = {
			isa = PBXGroup;
			children = (
				0EBE8DFB1AADB6FA00148C8B /* FIO.h */,
				0EBE8E131AADB77C00148C8B /* api */,
				0EBE8E151AADB79500148C8B /* auth */,
				0E978ED01ACEB1B200001673 /* cron */,
				0EBE8E141AADB78500148C8B /* network */,
				0EBE8E121AADB77000148C8B /* media */,
				0EBE8DF91AADB6FA00148C8B /* Supporting Files */,
			);
			path = Fillio;
			sourceTree = "<group>";
		};
		0EBE8DF91AADB6FA00148C8B /* Supporting Files */ = {
			isa = PBXGroup;
			children = (
				0EBE8DFA1AADB6FA00148C8B /* Info.plist */,
			);
			name = "Supporting Files";
			sourceTree = "<group>";
		};
		0EBE8E051AADB6FA00148C8B /* FillioTests */ = {
			isa = PBXGroup;
			children = (
				0E60E1881AD834FC0041B3D7 /* JSON */,
				0E380B7C1ADAD27F00F87154 /* FIOTestHTTPMethodInRequest.swift */,
				0EBE8E081AADB6FA00148C8B /* FillioTests.swift */,
				0E65812E1AC977E5000C5FD3 /* FillioTestCallMethodClientTask.swift */,
				0E6581321AC9A423000C5FD3 /* FIOTestGetDataCustomClient.swift */,
				0E6581301AC97815000C5FD3 /* FillioTestSettingClient.swift */,
				0E6581341ACB126A000C5FD3 /* FillioTestNetworkBlock.swift */,
				0EBE8E061AADB6FA00148C8B /* Supporting Files */,
			);
			path = FillioTests;
			sourceTree = "<group>";
		};
		0EBE8E061AADB6FA00148C8B /* Supporting Files */ = {
			isa = PBXGroup;
			children = (
				0EBE8E071AADB6FA00148C8B /* Info.plist */,
			);
			name = "Supporting Files";
			sourceTree = "<group>";
		};
		0EBE8E121AADB77000148C8B /* media */ = {
			isa = PBXGroup;
			children = (
			);
			name = media;
			sourceTree = "<group>";
		};
		0EBE8E131AADB77C00148C8B /* api */ = {
			isa = PBXGroup;
			children = (
				0E7D68141AAE404900BDB176 /* Action.swift */,
				0E7D68091AAE11C800BDB176 /* Sendable.swift */,
				0E7D680A1AAE11C800BDB176 /* Object.swift */,
			);
			name = api;
			sourceTree = "<group>";
		};
		0EBE8E141AADB78500148C8B /* network */ = {
			isa = PBXGroup;
			children = (
				0E679A7F1AC2EBE8007A1E77 /* NetworkClientConfiguration.swift */,
				0E072F5A1AC083C5005653B1 /* Network.swift */,
				0E7D680D1AAE124300BDB176 /* NetworkClient.swift */,
				0E1716D01ABC73D800AF0E40 /* HTTPMethod.swift */,
				0E1716D21ABC73F500AF0E40 /* NetworkTaskResponse.swift */,
				0EAED9271AC2958B0090ECB7 /* NetworkTaskManager.swift */,
				0E679A811AC339CC007A1E77 /* NetworkTask.swift */,
				0E07FE791ACEED1E00F938F4 /* NetworkResultObject.swift */,
				0E60E1811AD828160041B3D7 /* NetworkObjectAuto.swift */,
			);
			name = network;
			sourceTree = "<group>";
		};
		0EBE8E151AADB79500148C8B /* auth */ = {
			isa = PBXGroup;
			children = (
				0E7D68071AAE11B800BDB176 /* User.swift */,
			);
			name = auth;
			sourceTree = "<group>";
		};
/* End PBXGroup section */

/* Begin PBXHeadersBuildPhase section */
		0EBE8DF31AADB6FA00148C8B /* Headers */ = {
			isa = PBXHeadersBuildPhase;
			buildActionMask = 2147483647;
			files = (
				0EBE8DFC1AADB6FA00148C8B /* FIO.h in Headers */,
			);
			runOnlyForDeploymentPostprocessing = 0;
		};
/* End PBXHeadersBuildPhase section */

/* Begin PBXNativeTarget section */
		0EBE8DF51AADB6FA00148C8B /* Fillio */ = {
			isa = PBXNativeTarget;
			buildConfigurationList = 0EBE8E0C1AADB6FA00148C8B /* Build configuration list for PBXNativeTarget "Fillio" */;
			buildPhases = (
				0EBE8DF11AADB6FA00148C8B /* Sources */,
				0EBE8DF21AADB6FA00148C8B /* Frameworks */,
				0EBE8DF31AADB6FA00148C8B /* Headers */,
				0EBE8DF41AADB6FA00148C8B /* Resources */,
			);
			buildRules = (
			);
			dependencies = (
			);
			name = Fillio;
			productName = Fillio;
			productReference = 0EBE8DF61AADB6FA00148C8B /* Fillio.framework */;
			productType = "com.apple.product-type.framework";
		};
		0EBE8E001AADB6FA00148C8B /* FillioTests */ = {
			isa = PBXNativeTarget;
			buildConfigurationList = 0EBE8E0F1AADB6FA00148C8B /* Build configuration list for PBXNativeTarget "FillioTests" */;
			buildPhases = (
				0EBE8DFD1AADB6FA00148C8B /* Sources */,
				0EBE8DFE1AADB6FA00148C8B /* Frameworks */,
				0EBE8DFF1AADB6FA00148C8B /* Resources */,
			);
			buildRules = (
			);
			dependencies = (
				0EBE8E041AADB6FA00148C8B /* PBXTargetDependency */,
			);
			name = FillioTests;
			productName = FillioTests;
			productReference = 0EBE8E011AADB6FA00148C8B /* FillioTests.xctest */;
			productType = "com.apple.product-type.bundle.unit-test";
		};
/* End PBXNativeTarget section */

/* Begin PBXProject section */
		0EBE8DED1AADB6FA00148C8B /* Project object */ = {
			isa = PBXProject;
			attributes = {
				LastUpgradeCheck = 0610;
				ORGANIZATIONNAME = "Kévin MACHADO";
				TargetAttributes = {
					0EBE8DF51AADB6FA00148C8B = {
						CreatedOnToolsVersion = 6.1.1;
					};
					0EBE8E001AADB6FA00148C8B = {
						CreatedOnToolsVersion = 6.1.1;
					};
				};
			};
			buildConfigurationList = 0EBE8DF01AADB6FA00148C8B /* Build configuration list for PBXProject "Fillio" */;
			compatibilityVersion = "Xcode 3.2";
			developmentRegion = English;
			hasScannedForEncodings = 0;
			knownRegions = (
				en,
			);
			mainGroup = 0EBE8DEC1AADB6FA00148C8B;
			productRefGroup = 0EBE8DF71AADB6FA00148C8B /* Products */;
			projectDirPath = "";
			projectRoot = "";
			targets = (
				0EBE8DF51AADB6FA00148C8B /* Fillio */,
				0EBE8E001AADB6FA00148C8B /* FillioTests */,
			);
		};
/* End PBXProject section */

/* Begin PBXResourcesBuildPhase section */
		0EBE8DF41AADB6FA00148C8B /* Resources */ = {
			isa = PBXResourcesBuildPhase;
			buildActionMask = 2147483647;
			files = (
			);
			runOnlyForDeploymentPostprocessing = 0;
		};
		0EBE8DFF1AADB6FA00148C8B /* Resources */ = {
			isa = PBXResourcesBuildPhase;
			buildActionMask = 2147483647;
			files = (
			);
			runOnlyForDeploymentPostprocessing = 0;
		};
/* End PBXResourcesBuildPhase section */

/* Begin PBXSourcesBuildPhase section */
		0EBE8DF11AADB6FA00148C8B /* Sources */ = {
			isa = PBXSourcesBuildPhase;
			buildActionMask = 2147483647;
			files = (
				0E7D68081AAE11B800BDB176 /* User.swift in Sources */,
				0E679A801AC2EBE8007A1E77 /* NetworkClientConfiguration.swift in Sources */,
				0E978ED81ACEDDB200001673 /* FIOCronTab.swift in Sources */,
				0E978ED21ACEB1DF00001673 /* FIOCron.swift in Sources */,
				0E07FE7A1ACEED1E00F938F4 /* NetworkResultObject.swift in Sources */,
				0E7D68151AAE404900BDB176 /* Action.swift in Sources */,
				0E7D680C1AAE11C800BDB176 /* Object.swift in Sources */,
				0EAED9281AC2958B0090ECB7 /* NetworkTaskManager.swift in Sources */,
				0E7D680F1AAE124300BDB176 /* NetworkClient.swift in Sources */,
				0E679A821AC339CC007A1E77 /* NetworkTask.swift in Sources */,
				0E1716D31ABC73F500AF0E40 /* NetworkTaskResponse.swift in Sources */,
				0E1716D11ABC73D800AF0E40 /* HTTPMethod.swift in Sources */,
				0E60E1821AD828160041B3D7 /* NetworkObjectAuto.swift in Sources */,
				0E072F5B1AC083C5005653B1 /* Network.swift in Sources */,
				0E978ED41ACEB24700001673 /* FIOCronManager.swift in Sources */,
				0E7D680B1AAE11C800BDB176 /* Sendable.swift in Sources */,
				0E978ED61ACEB25A00001673 /* FIOCronJob.swift in Sources */,
			);
			runOnlyForDeploymentPostprocessing = 0;
		};
		0EBE8DFD1AADB6FA00148C8B /* Sources */ = {
			isa = PBXSourcesBuildPhase;
			buildActionMask = 2147483647;
			files = (
				0E6581351ACB126A000C5FD3 /* FillioTestNetworkBlock.swift in Sources */,
				0E60E1861AD829920041B3D7 /* FIOTestObjectAutoComplete.swift in Sources */,
				0E0401411AD59B7A0021E68F /* FIOTestsJSONParsing.swift in Sources */,
				0E60E18A1AD9A1FA0041B3D7 /* Adresse.swift in Sources */,
				0E380B7D1ADAD27F00F87154 /* FIOTestHTTPMethodInRequest.swift in Sources */,
				0EBE8E091AADB6FA00148C8B /* FillioTests.swift in Sources */,
				0E6581311AC97815000C5FD3 /* FillioTestSettingClient.swift in Sources */,
				0E60E1841AD828E10041B3D7 /* Contact.swift in Sources */,
				0E6581331AC9A423000C5FD3 /* FIOTestGetDataCustomClient.swift in Sources */,
				0E65812F1AC977E5000C5FD3 /* FillioTestCallMethodClientTask.swift in Sources */,
			);
			runOnlyForDeploymentPostprocessing = 0;
		};
/* End PBXSourcesBuildPhase section */

/* Begin PBXTargetDependency section */
		0EBE8E041AADB6FA00148C8B /* PBXTargetDependency */ = {
			isa = PBXTargetDependency;
			target = 0EBE8DF51AADB6FA00148C8B /* Fillio */;
			targetProxy = 0EBE8E031AADB6FA00148C8B /* PBXContainerItemProxy */;
		};
/* End PBXTargetDependency section */

/* Begin XCBuildConfiguration section */
		0EBE8E0A1AADB6FA00148C8B /* Debug */ = {
			isa = XCBuildConfiguration;
			buildSettings = {
				ALWAYS_SEARCH_USER_PATHS = NO;
				CLANG_CXX_LANGUAGE_STANDARD = "gnu++0x";
				CLANG_CXX_LIBRARY = "libc++";
				CLANG_ENABLE_MODULES = YES;
				CLANG_ENABLE_OBJC_ARC = YES;
				CLANG_WARN_BOOL_CONVERSION = YES;
				CLANG_WARN_CONSTANT_CONVERSION = YES;
				CLANG_WARN_DIRECT_OBJC_ISA_USAGE = YES_ERROR;
				CLANG_WARN_EMPTY_BODY = YES;
				CLANG_WARN_ENUM_CONVERSION = YES;
				CLANG_WARN_INT_CONVERSION = YES;
				CLANG_WARN_OBJC_ROOT_CLASS = YES_ERROR;
				CLANG_WARN_UNREACHABLE_CODE = YES;
				CLANG_WARN__DUPLICATE_METHOD_MATCH = YES;
				"CODE_SIGN_IDENTITY[sdk=iphoneos*]" = "iPhone Developer";
				COPY_PHASE_STRIP = NO;
				CURRENT_PROJECT_VERSION = 1;
				ENABLE_STRICT_OBJC_MSGSEND = YES;
				GCC_C_LANGUAGE_STANDARD = gnu99;
				GCC_DYNAMIC_NO_PIC = NO;
				GCC_OPTIMIZATION_LEVEL = 0;
				GCC_PREPROCESSOR_DEFINITIONS = (
					"DEBUG=1",
					"$(inherited)",
				);
				GCC_SYMBOLS_PRIVATE_EXTERN = NO;
				GCC_WARN_64_TO_32_BIT_CONVERSION = YES;
				GCC_WARN_ABOUT_RETURN_TYPE = YES_ERROR;
				GCC_WARN_UNDECLARED_SELECTOR = YES;
				GCC_WARN_UNINITIALIZED_AUTOS = YES_AGGRESSIVE;
				GCC_WARN_UNUSED_FUNCTION = YES;
				GCC_WARN_UNUSED_VARIABLE = YES;
				IPHONEOS_DEPLOYMENT_TARGET = 8.1;
				MTL_ENABLE_DEBUG_INFO = YES;
				ONLY_ACTIVE_ARCH = YES;
				SDKROOT = iphoneos;
				SWIFT_OPTIMIZATION_LEVEL = "-Onone";
				TARGETED_DEVICE_FAMILY = "1,2";
				VERSIONING_SYSTEM = "apple-generic";
				VERSION_INFO_PREFIX = "";
			};
			name = Debug;
		};
		0EBE8E0B1AADB6FA00148C8B /* Release */ = {
			isa = XCBuildConfiguration;
			buildSettings = {
				ALWAYS_SEARCH_USER_PATHS = NO;
				CLANG_CXX_LANGUAGE_STANDARD = "gnu++0x";
				CLANG_CXX_LIBRARY = "libc++";
				CLANG_ENABLE_MODULES = YES;
				CLANG_ENABLE_OBJC_ARC = YES;
				CLANG_WARN_BOOL_CONVERSION = YES;
				CLANG_WARN_CONSTANT_CONVERSION = YES;
				CLANG_WARN_DIRECT_OBJC_ISA_USAGE = YES_ERROR;
				CLANG_WARN_EMPTY_BODY = YES;
				CLANG_WARN_ENUM_CONVERSION = YES;
				CLANG_WARN_INT_CONVERSION = YES;
				CLANG_WARN_OBJC_ROOT_CLASS = YES_ERROR;
				CLANG_WARN_UNREACHABLE_CODE = YES;
				CLANG_WARN__DUPLICATE_METHOD_MATCH = YES;
				"CODE_SIGN_IDENTITY[sdk=iphoneos*]" = "iPhone Developer";
				COPY_PHASE_STRIP = YES;
				CURRENT_PROJECT_VERSION = 1;
				ENABLE_NS_ASSERTIONS = NO;
				ENABLE_STRICT_OBJC_MSGSEND = YES;
				GCC_C_LANGUAGE_STANDARD = gnu99;
				GCC_WARN_64_TO_32_BIT_CONVERSION = YES;
				GCC_WARN_ABOUT_RETURN_TYPE = YES_ERROR;
				GCC_WARN_UNDECLARED_SELECTOR = YES;
				GCC_WARN_UNINITIALIZED_AUTOS = YES_AGGRESSIVE;
				GCC_WARN_UNUSED_FUNCTION = YES;
				GCC_WARN_UNUSED_VARIABLE = YES;
				IPHONEOS_DEPLOYMENT_TARGET = 8.1;
				MTL_ENABLE_DEBUG_INFO = NO;
				SDKROOT = iphoneos;
				TARGETED_DEVICE_FAMILY = "1,2";
				VALIDATE_PRODUCT = YES;
				VERSIONING_SYSTEM = "apple-generic";
				VERSION_INFO_PREFIX = "";
			};
			name = Release;
		};
		0EBE8E0D1AADB6FA00148C8B /* Debug */ = {
			isa = XCBuildConfiguration;
			buildSettings = {
				CLANG_ENABLE_MODULES = YES;
				DEFINES_MODULE = YES;
				DYLIB_COMPATIBILITY_VERSION = 1;
				DYLIB_CURRENT_VERSION = 1;
				DYLIB_INSTALL_NAME_BASE = "@rpath";
				FRAMEWORK_SEARCH_PATHS = (
					"$(inherited)",
					"/Users/kevinmachado/Documents/Developpement/Frameworks/MKMiniLib/build/Debug-iphoneos",
				);
				INFOPLIST_FILE = Fillio/Info.plist;
				INSTALL_PATH = "$(LOCAL_LIBRARY_DIR)/Frameworks";
				LD_RUNPATH_SEARCH_PATHS = "$(inherited) @executable_path/Frameworks @loader_path/Frameworks";
				LIBRARY_SEARCH_PATHS = (
					"$(inherited)",
					"/Users/kevinmachado/Documents/Developpement/Frameworks/MKMiniLib/build/Debug-iphoneos",
				);
				PRODUCT_NAME = "$(TARGET_NAME)";
				SKIP_INSTALL = YES;
				SWIFT_OPTIMIZATION_LEVEL = "-Onone";
			};
			name = Debug;
		};
		0EBE8E0E1AADB6FA00148C8B /* Release */ = {
			isa = XCBuildConfiguration;
			buildSettings = {
				CLANG_ENABLE_MODULES = YES;
				DEFINES_MODULE = YES;
				DYLIB_COMPATIBILITY_VERSION = 1;
				DYLIB_CURRENT_VERSION = 1;
				DYLIB_INSTALL_NAME_BASE = "@rpath";
				FRAMEWORK_SEARCH_PATHS = (
					"$(inherited)",
					"/Users/kevinmachado/Documents/Developpement/Frameworks/MKMiniLib/build/Debug-iphoneos",
				);
				INFOPLIST_FILE = Fillio/Info.plist;
				INSTALL_PATH = "$(LOCAL_LIBRARY_DIR)/Frameworks";
				LD_RUNPATH_SEARCH_PATHS = "$(inherited) @executable_path/Frameworks @loader_path/Frameworks";
				LIBRARY_SEARCH_PATHS = (
					"$(inherited)",
					"/Users/kevinmachado/Documents/Developpement/Frameworks/MKMiniLib/build/Debug-iphoneos",
				);
				PRODUCT_NAME = "$(TARGET_NAME)";
				SKIP_INSTALL = YES;
			};
			name = Release;
		};
		0EBE8E101AADB6FA00148C8B /* Debug */ = {
			isa = XCBuildConfiguration;
			buildSettings = {
				FRAMEWORK_SEARCH_PATHS = (
					"$(SDKROOT)/Developer/Library/Frameworks",
					"$(inherited)",
				);
				GCC_PREPROCESSOR_DEFINITIONS = (
					"DEBUG=1",
					"$(inherited)",
				);
				INFOPLIST_FILE = FillioTests/Info.plist;
				LD_RUNPATH_SEARCH_PATHS = "$(inherited) @executable_path/Frameworks @loader_path/Frameworks";
				PRODUCT_NAME = "$(TARGET_NAME)";
			};
			name = Debug;
		};
		0EBE8E111AADB6FA00148C8B /* Release */ = {
			isa = XCBuildConfiguration;
			buildSettings = {
				FRAMEWORK_SEARCH_PATHS = (
					"$(SDKROOT)/Developer/Library/Frameworks",
					"$(inherited)",
				);
				INFOPLIST_FILE = FillioTests/Info.plist;
				LD_RUNPATH_SEARCH_PATHS = "$(inherited) @executable_path/Frameworks @loader_path/Frameworks";
				PRODUCT_NAME = "$(TARGET_NAME)";
			};
			name = Release;
		};
/* End XCBuildConfiguration section */

/* Begin XCConfigurationList section */
		0EBE8DF01AADB6FA00148C8B /* Build configuration list for PBXProject "Fillio" */ = {
			isa = XCConfigurationList;
			buildConfigurations = (
				0EBE8E0A1AADB6FA00148C8B /* Debug */,
				0EBE8E0B1AADB6FA00148C8B /* Release */,
			);
			defaultConfigurationIsVisible = 0;
			defaultConfigurationName = Release;
		};
		0EBE8E0C1AADB6FA00148C8B /* Build configuration list for PBXNativeTarget "Fillio" */ = {
			isa = XCConfigurationList;
			buildConfigurations = (
				0EBE8E0D1AADB6FA00148C8B /* Debug */,
				0EBE8E0E1AADB6FA00148C8B /* Release */,
			);
			defaultConfigurationIsVisible = 0;
			defaultConfigurationName = Release;
		};
		0EBE8E0F1AADB6FA00148C8B /* Build configuration list for PBXNativeTarget "FillioTests" */ = {
			isa = XCConfigurationList;
			buildConfigurations = (
				0EBE8E101AADB6FA00148C8B /* Debug */,
				0EBE8E111AADB6FA00148C8B /* Release */,
			);
			defaultConfigurationIsVisible = 0;
			defaultConfigurationName = Release;
		};
/* End XCConfigurationList section */
	};
	rootObject = 0EBE8DED1AADB6FA00148C8B /* Project object */;
}
